
Microsoft Visual Studio Solution File, Format Version 12.00
# Visual Studio Version 16
VisualStudioVersion = 16.0.30717.126
MinimumVisualStudioVersion = 10.0.40219.1
Project("{FAE04EC0-301F-11D3-BF4B-00C04F79EFBC}") = "SQL Tester Project", "SQL Tester Project\SQL Tester Project.csproj", "{0BBF7A74-5336-444C-961E-3BACDEF39C7F}"
EndProject
Global
	GlobalSection(SolutionConfigurationPlatforms) = preSolution
		Debug|Any CPU = Debug|Any CPU
		Release|Any CPU = Release|Any CPU
	EndGlobalSection
	GlobalSection(ProjectConfigurationPlatforms) = postSolution
		{0BBF7A74-5336-444C-961E-3BACDEF39C7F}.Debug|Any CPU.ActiveCfg = Debug|Any CPU
		{0BBF7A74-5336-444C-961E-3BACDEF39C7F}.Debug|Any CPU.Build.0 = Debug|Any CPU
		{0BBF7A74-5336-444C-961E-3BACDEF39C7F}.Release|Any CPU.ActiveCfg = Release|Any CPU
		{0BBF7A74-5336-444C-961E-3BACDEF39C7F}.Release|Any CPU.Build.0 = Release|Any CPU
	EndGlobalSection
	GlobalSection(SolutionProperties) = preSolution
		HideSolutionNode = FALSE
	EndGlobalSection
	GlobalSection(ExtensibilityGlobals) = postSolution
		SolutionGuid = {1A175D88-18E3-404B-95C2-9601AB18A7E3}
	EndGlobalSection
EndGlobal
